
Microsoft Visual Studio Solution File, Format Version 12.00
# Visual Studio 15
VisualStudioVersion = 15.0.28010.0
MinimumVisualStudioVersion = 10.0.40219.1
Project("{FAE04EC0-301F-11D3-BF4B-00C04F79EFBC}") = "CsMacro", "CsMacro\CsMacro.csproj", "{9020390B-8413-4A91-A3DA-4EB8DE18C3D5}"
EndProject
Project("{FAE04EC0-301F-11D3-BF4B-00C04F79EFBC}") = "WindowsFormsApp1", "WindowsFormsApp1\WindowsFormsApp1.csproj", "{7F6F4577-C740-4304-8882-7DB90C0440E4}"
EndProject
Global
	GlobalSection(SolutionConfigurationPlatforms) = preSolution
		Debug|Any CPU = Debug|Any CPU
		Release|Any CPU = Release|Any CPU
	EndGlobalSection
	GlobalSection(ProjectConfigurationPlatforms) = postSolution
		{9020390B-8413-4A91-A3DA-4EB8DE18C3D5}.Debug|Any CPU.ActiveCfg = Debug|Any CPU
		{9020390B-8413-4A91-A3DA-4EB8DE18C3D5}.Debug|Any CPU.Build.0 = Debug|Any CPU
		{9020390B-8413-4A91-A3DA-4EB8DE18C3D5}.Release|Any CPU.ActiveCfg = Release|Any CPU
		{9020390B-8413-4A91-A3DA-4EB8DE18C3D5}.Release|Any CPU.Build.0 = Release|Any CPU
		{7F6F4577-C740-4304-8882-7DB90C0440E4}.Debug|Any CPU.ActiveCfg = Debug|Any CPU
		{7F6F4577-C740-4304-8882-7DB90C0440E4}.Debug|Any CPU.Build.0 = Debug|Any CPU
		{7F6F4577-C740-4304-8882-7DB90C0440E4}.Release|Any CPU.ActiveCfg = Release|Any CPU
		{7F6F4577-C740-4304-8882-7DB90C0440E4}.Release|Any CPU.Build.0 = Release|Any CPU
	EndGlobalSection
	GlobalSection(SolutionProperties) = preSolution
		HideSolutionNode = FALSE
	EndGlobalSection
	GlobalSection(ExtensibilityGlobals) = postSolution
		SolutionGuid = {5063200C-226B-4BC9-98EE-E16BD379DEE0}
	EndGlobalSection
EndGlobal
